# Generated from the frozen wheelhouse; install with --no-index --require-hashes.
# Target: CPython 3.12, Linux x86_64, glibc >= 2.28.
annotated-doc==0.0.5 --hash=sha256:117bac03a25ede5df5440e855b32d556049ca169ead221505badf432fed4b101
annotated-types==0.8.0 --hash=sha256:f072f4d804ea359e4eaf198b1af7a8b0943881a87f31bb764f8bf219bb9419e0
anyio==4.14.2 --hash=sha256:9f505dda5ac9f0c8309b5e8bd445a8c2bf7246f3ce950121e45ea15bc41d1494
blis==1.3.3 --hash=sha256:1ef6d6e2b599a3a2788eb6d9b443533961265aa4ec49d574ed4bb846e548dcdb
catalogue==2.0.10 --hash=sha256:58c2de0020aa90f4a2da7dfad161bf7b3b054c86a5f09fcedc0b2b740c109a9f
certifi==2026.7.22 --hash=sha256:62f22742b58a1a33014a2b6b706588a8d7e2a88ae7bd1a6ebe8c992928483775
charset-normalizer==3.5.1 --hash=sha256:b9af956078716df40d985fb0dfeb2c2120c5ca92ba4ff4b388acfd01cdc14d08
click==8.4.2 --hash=sha256:e6f9f66136c816745b9d65817da91d61d957fb16e02e4dcd0552553c5a197b76
cloudpathlib==0.24.0 --hash=sha256:b1c51e2d2ec7dc4fed6538991f4aea849d6cf11a7e6b9069f86e461aa1f9b5b4
confection==1.3.3 --hash=sha256:b9fef9ee84b237ef4611ec3eb5797b70e13063e6310ad9f15536373f5e313c82
cymem==2.0.13 --hash=sha256:f190a92fe46197ee64d32560eb121c2809bb843341733227f51538ce77b3410d
h11==0.16.0 --hash=sha256:63cf8bbe7522de3bf65932fda1d9c2772064ffb3dae62d55932da54b31cb6c86
httpcore==1.0.9 --hash=sha256:2d400746a40668fc9dec9810239072b40b4484b640a8c38fd654a024c7a1bf55
httpx==0.28.1 --hash=sha256:d909fcccc110f8c7faf814ca82a9a4d816bc5a6dbfea25d6591d6985b8ba59ad
idna==3.18 --hash=sha256:7f952cbe720b688055e3f87de14f5c3e5fdaa8bc3928985c4077ca689de849a2
Jinja2==3.1.6 --hash=sha256:85ece4451f492d0c13c5dd7c13a64681a86afae63a5f347908daf103ce6d2f67
markdown-it-py==4.2.0 --hash=sha256:9f7ebbcd14fe59494226453aed97c1070d83f8d24b6fc3a3bcf9a38092641c4a
MarkupSafe==3.0.3 --hash=sha256:d6dd0be5b5b189d31db7cda48b91d7e0a9795f31430b7f271219ab30f1d3ac9d
mdurl==0.1.2 --hash=sha256:84008a41e51615a49fc9966191ff91509e3c40b939176e643fd50a5c2196b8f8
murmurhash==1.0.15 --hash=sha256:5a301decfaccfec70fe55cb01dde2a012c3014a874542eaa7cc73477bb749616
numpy==2.5.2 --hash=sha256:3cdec01fa790a186d430433fdd4d4ffb70eed6f0eeb4bf05c8dbe2dce0a9bcb8
packaging==26.3 --hash=sha256:d7193f7c8e4e93f444fde0262bf90af30e16fa0ad0ad44cb553c87339b23cd1c
preshed==3.0.13 --hash=sha256:8b8de3f58043070a354477995acdd98626ce43e4193c708ebd0f694e467f5155
pt_core_news_sm==3.8.0 --hash=sha256:c304fa04db3af73cd08a250feacf560506e15a2ec2469bd1b09f06847f6b455c
pydantic==2.13.4 --hash=sha256:45a282cde31d808236fd7ea9d919b128653c8b38b393d1c4ab335c62924d9aba
pydantic_core==2.46.4 --hash=sha256:926c9541b14b12b1681dca8a0b75feb510b06c6341b70a8e500c2fdcff837cce
Pygments==2.20.0 --hash=sha256:81a9e26dd42fd28a23a2d169d86d7ac03b46e2f8b59ed4698fb4785f946d0176
requests==2.34.2 --hash=sha256:2a0d60c172f83ac6ab31e4554906c0f3b3588d37b5cb939b1c061f4907e278e0
rich==15.0.0 --hash=sha256:33bd4ef74232fb73fe9279a257718407f169c09b78a87ad3d296f548e27de0bb
setuptools==84.0.0 --hash=sha256:51a52592b3b99e102b609654876bd65f19f999935166d1352678931132b0c670
shellingham==1.5.4 --hash=sha256:7ecfff8f2fd72616f7481040475a65b2bf8af90a56c89140852d1120324e8686
smart_open==8.0.1 --hash=sha256:3e97f90e92a952cb57863dfe132082c400a52eeeb27c067692fb51dbcc5b0089
spacy==3.8.15 --hash=sha256:fa9df68fc8887c0a6440b84d1d307980e594d99b45f19a37d733e58caa9a6682
spacy-legacy==3.0.12 --hash=sha256:476e3bd0d05f8c339ed60f40986c07387c0a71479245d6d0f4298dbd52cda55f
spacy-loggers==1.0.5 --hash=sha256:196284c9c446cc0cdb944005384270d775fdeaf4f494d8e269466cfa497ef645
srsly==2.5.3 --hash=sha256:99026bcd9cbd3211cc36517400b04ca0fc5d3e412b14daf84ee6e65f67d9a2d8
thinc==8.3.13 --hash=sha256:4b5ec9ff313819e7d8667794a3559463fa89ff45aaa73e3fd8d6273b1e0d7a7f
tqdm==4.70.0 --hash=sha256:7f585706bfddbdebf89daac705b2dfcc16890130727d3197ca62c732b4310953
typer==0.27.1 --hash=sha256:53150287edd11baeb4e4722c8e394fcdf8181c0ae89485cba8d25c778d5edd56
typing-inspection==0.4.4 --hash=sha256:65b8397ba37ccbce054456aaccddfc91e6e3083c92824df348d96ca832f3f147
typing_extensions==4.16.0 --hash=sha256:481caa481374e813c1b176ada14e97f1f67a4539ce9cfeb3f350d78d6370c2e8
urllib3==2.7.0 --hash=sha256:9fb4c81ebbb1ce9531cce37674bbc6f1360472bc18ca9a553ede278ef7276897
wasabi==1.1.3 --hash=sha256:f76e16e8f7e79f8c4c8be49b4024ac725713ab10cd7f19350ad18a8e3f71728c
weasel==1.0.0 --hash=sha256:89518acee027f49d743126c3502d35e6dd14f5768be5c37c9af47c171b6005cc
wrapt==2.3.0 --hash=sha256:5d221a6e6ddd302b8397433184e96b59f259f50024b854db1c411a881586b6b8
